// !$*UTF8*$!
{
	archiveVersion = 1;
	classes = {
	};
	objectVersion = 55;
	objects = {

/* Begin PBXBuildFile section */
		D9A57E83273C353D00EA1429 /* AppDelegate.swift in Sources */ = {isa = PBXBuildFile; fileRef = D9A57E82273C353D00EA1429 /* AppDelegate.swift */; };
		D9A57E85273C353D00EA1429 /* SceneDelegate.swift in Sources */ = {isa = PBXBuildFile; fileRef = D9A57E84273C353D00EA1429 /* SceneDelegate.swift */; };
		D9A57E87273C353D00EA1429 /* ViewController.swift in Sources */ = {isa = PBXBuildFile; fileRef = D9A57E86273C353D00EA1429 /* ViewController.swift */; };
		D9A57E8A273C353D00EA1429 /* Main.storyboard in Resources */ = {isa = PBXBuildFile; fileRef = D9A57E88273C353D00EA1429 /* Main.storyboard */; };
		D9A57E8C273C353F00EA1429 /* Assets.xcassets in Resources */ = {isa = PBXBuildFile; fileRef = D9A57E8B273C353F00EA1429 /* Assets.xcassets */; };
		D9A57E8F273C353F00EA1429 /* LaunchScreen.storyboard in Resources */ = {isa = PBXBuildFile; fileRef = D9A57E8D273C353F00EA1429 /* LaunchScreen.storyboard */; };
		D9A57E9A273C353F00EA1429 /* RecipeAppTests.swift in Sources */ = {isa = PBXBuildFile; fileRef = D9A57E99273C353F00EA1429 /* RecipeAppTests.swift */; };
		D9A57EA4273C353F00EA1429 /* RecipeAppUITests.swift in Sources */ = {isa = PBXBuildFile; fileRef = D9A57EA3273C353F00EA1429 /* RecipeAppUITests.swift */; };
		D9A57EA6273C353F00EA1429 /* RecipeAppUITestsLaunchTests.swift in Sources */ = {isa = PBXBuildFile; fileRef = D9A57EA5273C353F00EA1429 /* RecipeAppUITestsLaunchTests.swift */; };
		D9A57EB3273C839B00EA1429 /* MealCell.swift in Sources */ = {isa = PBXBuildFile; fileRef = D9A57EB2273C839B00EA1429 /* MealCell.swift */; };
		D9A57EB5273C8F2800EA1429 /* MealDetailViewController.swift in Sources */ = {isa = PBXBuildFile; fileRef = D9A57EB4273C8F2800EA1429 /* MealDetailViewController.swift */; };
		D9FED7B5273CE51A000E7AE5 /* OtherCell.swift in Sources */ = {isa = PBXBuildFile; fileRef = D9FED7B4273CE51A000E7AE5 /* OtherCell.swift */; };
		D9FED7B7273D1069000E7AE5 /* Model.swift in Sources */ = {isa = PBXBuildFile; fileRef = D9FED7B6273D1069000E7AE5 /* Model.swift */; };
/* End PBXBuildFile section */

/* Begin PBXContainerItemProxy section */
		D9A57E96273C353F00EA1429 /* PBXContainerItemProxy */ = {
			isa = PBXContainerItemProxy;
			containerPortal = D9A57E77273C353D00EA1429 /* Project object */;
			proxyType = 1;
			remoteGlobalIDString = D9A57E7E273C353D00EA1429;
			remoteInfo = RecipeApp;
		};
		D9A57EA0273C353F00EA1429 /* PBXContainerItemProxy */ = {
			isa = PBXContainerItemProxy;
			containerPortal = D9A57E77273C353D00EA1429 /* Project object */;
			proxyType = 1;
			remoteGlobalIDString = D9A57E7E273C353D00EA1429;
			remoteInfo = RecipeApp;
		};
/* End PBXContainerItemProxy section */

/* Begin PBXFileReference section */
		D9A57E7F273C353D00EA1429 /* RecipeApp.app */ = {isa = PBXFileReference; explicitFileType = wrapper.application; includeInIndex = 0; path = RecipeApp.app; sourceTree = BUILT_PRODUCTS_DIR; };
		D9A57E82273C353D00EA1429 /* AppDelegate.swift */ = {isa = PBXFileReference; lastKnownFileType = sourcecode.swift; path = AppDelegate.swift; sourceTree = "<group>"; };
		D9A57E84273C353D00EA1429 /* SceneDelegate.swift */ = {isa = PBXFileReference; lastKnownFileType = sourcecode.swift; path = SceneDelegate.swift; sourceTree = "<group>"; };
		D9A57E86273C353D00EA1429 /* ViewController.swift */ = {isa = PBXFileReference; lastKnownFileType = sourcecode.swift; path = ViewController.swift; sourceTree = "<group>"; };
		D9A57E89273C353D00EA1429 /* Base */ = {isa = PBXFileReference; lastKnownFileType = file.storyboard; name = Base; path = Base.lproj/Main.storyboard; sourceTree = "<group>"; };
		D9A57E8B273C353F00EA1429 /* Assets.xcassets */ = {isa = PBXFileReference; lastKnownFileType = folder.assetcatalog; path = Assets.xcassets; sourceTree = "<group>"; };
		D9A57E8E273C353F00EA1429 /* Base */ = {isa = PBXFileReference; lastKnownFileType = file.storyboard; name = Base; path = Base.lproj/LaunchScreen.storyboard; sourceTree = "<group>"; };
		D9A57E90273C353F00EA1429 /* Info.plist */ = {isa = PBXFileReference; lastKnownFileType = text.plist.xml; path = Info.plist; sourceTree = "<group>"; };
		D9A57E95273C353F00EA1429 /* RecipeAppTests.xctest */ = {isa = PBXFileReference; explicitFileType = wrapper.cfbundle; includeInIndex = 0; path = RecipeAppTests.xctest; sourceTree = BUILT_PRODUCTS_DIR; };
		D9A57E99273C353F00EA1429 /* RecipeAppTests.swift */ = {isa = PBXFileReference; lastKnownFileType = sourcecode.swift; path = RecipeAppTests.swift; sourceTree = "<group>"; };
		D9A57E9F273C353F00EA1429 /* RecipeAppUITests.xctest */ = {isa = PBXFileReference; explicitFileType = wrapper.cfbundle; includeInIndex = 0; path = RecipeAppUITests.xctest; sourceTree = BUILT_PRODUCTS_DIR; };
		D9A57EA3273C353F00EA1429 /* RecipeAppUITests.swift */ = {isa = PBXFileReference; lastKnownFileType = sourcecode.swift; path = RecipeAppUITests.swift; sourceTree = "<group>"; };
		D9A57EA5273C353F00EA1429 /* RecipeAppUITestsLaunchTests.swift */ = {isa = PBXFileReference; lastKnownFileType = sourcecode.swift; path = RecipeAppUITestsLaunchTests.swift; sourceTree = "<group>"; };
		D9A57EB2273C839B00EA1429 /* MealCell.swift */ = {isa = PBXFileReference; lastKnownFileType = sourcecode.swift; path = MealCell.swift; sourceTree = "<group>"; };
		D9A57EB4273C8F2800EA1429 /* MealDetailViewController.swift */ = {isa = PBXFileReference; lastKnownFileType = sourcecode.swift; path = MealDetailViewController.swift; sourceTree = "<group>"; };
		D9FED7B4273CE51A000E7AE5 /* OtherCell.swift */ = {isa = PBXFileReference; lastKnownFileType = sourcecode.swift; path = OtherCell.swift; sourceTree = "<group>"; };
		D9FED7B6273D1069000E7AE5 /* Model.swift */ = {isa = PBXFileReference; lastKnownFileType = sourcecode.swift; path = Model.swift; sourceTree = "<group>"; };
/* End PBXFileReference section */

/* Begin PBXFrameworksBuildPhase section */
		D9A57E7C273C353D00EA1429 /* Frameworks */ = {
			isa = PBXFrameworksBuildPhase;
			buildActionMask = 2147483647;
			files = (
			);
			runOnlyForDeploymentPostprocessing = 0;
		};
		D9A57E92273C353F00EA1429 /* Frameworks */ = {
			isa = PBXFrameworksBuildPhase;
			buildActionMask = 2147483647;
			files = (
			);
			runOnlyForDeploymentPostprocessing = 0;
		};
		D9A57E9C273C353F00EA1429 /* Frameworks */ = {
			isa = PBXFrameworksBuildPhase;
			buildActionMask = 2147483647;
			files = (
			);
			runOnlyForDeploymentPostprocessing = 0;
		};
/* End PBXFrameworksBuildPhase section */

/* Begin PBXGroup section */
		D9A57E76273C353D00EA1429 = {
			isa = PBXGroup;
			children = (
				D9A57E81273C353D00EA1429 /* RecipeApp */,
				D9A57E98273C353F00EA1429 /* RecipeAppTests */,
				D9A57EA2273C353F00EA1429 /* RecipeAppUITests */,
				D9A57E80273C353D00EA1429 /* Products */,
			);
			sourceTree = "<group>";
		};
		D9A57E80273C353D00EA1429 /* Products */ = {
			isa = PBXGroup;
			children = (
				D9A57E7F273C353D00EA1429 /* RecipeApp.app */,
				D9A57E95273C353F00EA1429 /* RecipeAppTests.xctest */,
				D9A57E9F273C353F00EA1429 /* RecipeAppUITests.xctest */,
			);
			name = Products;
			sourceTree = "<group>";
		};
		D9A57E81273C353D00EA1429 /* RecipeApp */ = {
			isa = PBXGroup;
			children = (
				D9A57E82273C353D00EA1429 /* AppDelegate.swift */,
				D9A57E84273C353D00EA1429 /* SceneDelegate.swift */,
				D9A57E86273C353D00EA1429 /* ViewController.swift */,
				D9A57E88273C353D00EA1429 /* Main.storyboard */,
				D9A57E8B273C353F00EA1429 /* Assets.xcassets */,
				D9A57E8D273C353F00EA1429 /* LaunchScreen.storyboard */,
				D9A57E90273C353F00EA1429 /* Info.plist */,
				D9A57EB2273C839B00EA1429 /* MealCell.swift */,
				D9A57EB4273C8F2800EA1429 /* MealDetailViewController.swift */,
				D9FED7B4273CE51A000E7AE5 /* OtherCell.swift */,
				D9FED7B6273D1069000E7AE5 /* Model.swift */,
			);
			path = RecipeApp;
			sourceTree = "<group>";
		};
		D9A57E98273C353F00EA1429 /* RecipeAppTests */ = {
			isa = PBXGroup;
			children = (
				D9A57E99273C353F00EA1429 /* RecipeAppTests.swift */,
			);
			path = RecipeAppTests;
			sourceTree = "<group>";
		};
		D9A57EA2273C353F00EA1429 /* RecipeAppUITests */ = {
			isa = PBXGroup;
			children = (
				D9A57EA3273C353F00EA1429 /* RecipeAppUITests.swift */,
				D9A57EA5273C353F00EA1429 /* RecipeAppUITestsLaunchTests.swift */,
			);
			path = RecipeAppUITests;
			sourceTree = "<group>";
		};
/* End PBXGroup section */

/* Begin PBXNativeTarget section */
		D9A57E7E273C353D00EA1429 /* RecipeApp */ = {
			isa = PBXNativeTarget;
			buildConfigurationList = D9A57EA9273C353F00EA1429 /* Build configuration list for PBXNativeTarget "RecipeApp" */;
			buildPhases = (
				D9A57E7B273C353D00EA1429 /* Sources */,
				D9A57E7C273C353D00EA1429 /* Frameworks */,
				D9A57E7D273C353D00EA1429 /* Resources */,
			);
			buildRules = (
			);
			dependencies = (
			);
			name = RecipeApp;
			productName = RecipeApp;
			productReference = D9A57E7F273C353D00EA1429 /* RecipeApp.app */;
			productType = "com.apple.product-type.application";
		};
		D9A57E94273C353F00EA1429 /* RecipeAppTests */ = {
			isa = PBXNativeTarget;
			buildConfigurationList = D9A57EAC273C353F00EA1429 /* Build configuration list for PBXNativeTarget "RecipeAppTests" */;
			buildPhases = (
				D9A57E91273C353F00EA1429 /* Sources */,
				D9A57E92273C353F00EA1429 /* Frameworks */,
				D9A57E93273C353F00EA1429 /* Resources */,
			);
			buildRules = (
			);
			dependencies = (
				D9A57E97273C353F00EA1429 /* PBXTargetDependency */,
			);
			name = RecipeAppTests;
			productName = RecipeAppTests;
			productReference = D9A57E95273C353F00EA1429 /* RecipeAppTests.xctest */;
			productType = "com.apple.product-type.bundle.unit-test";
		};
		D9A57E9E273C353F00EA1429 /* RecipeAppUITests */ = {
			isa = PBXNativeTarget;
			buildConfigurationList = D9A57EAF273C353F00EA1429 /* Build configuration list for PBXNativeTarget "RecipeAppUITests" */;
			buildPhases = (
				D9A57E9B273C353F00EA1429 /* Sources */,
				D9A57E9C273C353F00EA1429 /* Frameworks */,
				D9A57E9D273C353F00EA1429 /* Resources */,
			);
			buildRules = (
			);
			dependencies = (
				D9A57EA1273C353F00EA1429 /* PBXTargetDependency */,
			);
			name = RecipeAppUITests;
			productName = RecipeAppUITests;
			productReference = D9A57E9F273C353F00EA1429 /* RecipeAppUITests.xctest */;
			productType = "com.apple.product-type.bundle.ui-testing";
		};
/* End PBXNativeTarget section */

/* Begin PBXProject section */
		D9A57E77273C353D00EA1429 /* Project object */ = {
			isa = PBXProject;
			attributes = {
				BuildIndependentTargetsInParallel = 1;
				LastSwiftUpdateCheck = 1300;
				LastUpgradeCheck = 1300;
				TargetAttributes = {
					D9A57E7E273C353D00EA1429 = {
						CreatedOnToolsVersion = 13.0;
					};
					D9A57E94273C353F00EA1429 = {
						CreatedOnToolsVersion = 13.0;
						TestTargetID = D9A57E7E273C353D00EA1429;
					};
					D9A57E9E273C353F00EA1429 = {
						CreatedOnToolsVersion = 13.0;
						TestTargetID = D9A57E7E273C353D00EA1429;
					};
				};
			};
			buildConfigurationList = D9A57E7A273C353D00EA1429 /* Build configuration list for PBXProject "RecipeApp" */;
			compatibilityVersion = "Xcode 13.0";
			developmentRegion = en;
			hasScannedForEncodings = 0;
			knownRegions = (
				en,
				Base,
			);
			mainGroup = D9A57E76273C353D00EA1429;
			productRefGroup = D9A57E80273C353D00EA1429 /* Products */;
			projectDirPath = "";
			projectRoot = "";
			targets = (
				D9A57E7E273C353D00EA1429 /* RecipeApp */,
				D9A57E94273C353F00EA1429 /* RecipeAppTests */,
				D9A57E9E273C353F00EA1429 /* RecipeAppUITests */,
			);
		};
/* End PBXProject section */

/* Begin PBXResourcesBuildPhase section */
		D9A57E7D273C353D00EA1429 /* Resources */ = {
			isa = PBXResourcesBuildPhase;
			buildActionMask = 2147483647;
			files = (
				D9A57E8F273C353F00EA1429 /* LaunchScreen.storyboard in Resources */,
				D9A57E8C273C353F00EA1429 /* Assets.xcassets in Resources */,
				D9A57E8A273C353D00EA1429 /* Main.storyboard in Resources */,
			);
			runOnlyForDeploymentPostprocessing = 0;
		};
		D9A57E93273C353F00EA1429 /* Resources */ = {
			isa = PBXResourcesBuildPhase;
			buildActionMask = 2147483647;
			files = (
			);
			runOnlyForDeploymentPostprocessing = 0;
		};
		D9A57E9D273C353F00EA1429 /* Resources */ = {
			isa = PBXResourcesBuildPhase;
			buildActionMask = 2147483647;
			files = (
			);
			runOnlyForDeploymentPostprocessing = 0;
		};
/* End PBXResourcesBuildPhase section */

/* Begin PBXSourcesBuildPhase section */
		D9A57E7B273C353D00EA1429 /* Sources */ = {
			isa = PBXSourcesBuildPhase;
			buildActionMask = 2147483647;
			files = (
				D9FED7B7273D1069000E7AE5 /* Model.swift in Sources */,
				D9FED7B5273CE51A000E7AE5 /* OtherCell.swift in Sources */,
				D9A57EB3273C839B00EA1429 /* MealCell.swift in Sources */,
				D9A57E87273C353D00EA1429 /* ViewController.swift in Sources */,
				D9A57E83273C353D00EA1429 /* AppDelegate.swift in Sources */,
				D9A57EB5273C8F2800EA1429 /* MealDetailViewController.swift in Sources */,
				D9A57E85273C353D00EA1429 /* SceneDelegate.swift in Sources */,
			);
			runOnlyForDeploymentPostprocessing = 0;
		};
		D9A57E91273C353F00EA1429 /* Sources */ = {
			isa = PBXSourcesBuildPhase;
			buildActionMask = 2147483647;
			files = (
				D9A57E9A273C353F00EA1429 /* RecipeAppTests.swift in Sources */,
			);
			runOnlyForDeploymentPostprocessing = 0;
		};
		D9A57E9B273C353F00EA1429 /* Sources */ = {
			isa = PBXSourcesBuildPhase;
			buildActionMask = 2147483647;
			files = (
				D9A57EA6273C353F00EA1429 /* RecipeAppUITestsLaunchTests.swift in Sources */,
				D9A57EA4273C353F00EA1429 /* RecipeAppUITests.swift in Sources */,
			);
			runOnlyForDeploymentPostprocessing = 0;
		};
/* End PBXSourcesBuildPhase section */

/* Begin PBXTargetDependency section */
		D9A57E97273C353F00EA1429 /* PBXTargetDependency */ = {
			isa = PBXTargetDependency;
			target = D9A57E7E273C353D00EA1429 /* RecipeApp */;
			targetProxy = D9A57E96273C353F00EA1429 /* PBXContainerItemProxy */;
		};
		D9A57EA1273C353F00EA1429 /* PBXTargetDependency */ = {
			isa = PBXTargetDependency;
			target = D9A57E7E273C353D00EA1429 /* RecipeApp */;
			targetProxy = D9A57EA0273C353F00EA1429 /* PBXContainerItemProxy */;
		};
/* End PBXTargetDependency section */

/* Begin PBXVariantGroup section */
		D9A57E88273C353D00EA1429 /* Main.storyboard */ = {
			isa = PBXVariantGroup;
			children = (
				D9A57E89273C353D00EA1429 /* Base */,
			);
			name = Main.storyboard;
			sourceTree = "<group>";
		};
		D9A57E8D273C353F00EA1429 /* LaunchScreen.storyboard */ = {
			isa = PBXVariantGroup;
			children = (
				D9A57E8E273C353F00EA1429 /* Base */,
			);
			name = LaunchScreen.storyboard;
			sourceTree = "<group>";
		};
/* End PBXVariantGroup section */

/* Begin XCBuildConfiguration section */
		D9A57EA7273C353F00EA1429 /* Debug */ = {
			isa = XCBuildConfiguration;
			buildSettings = {
				ALWAYS_SEARCH_USER_PATHS = NO;
				CLANG_ANALYZER_NONNULL = YES;
				CLANG_ANALYZER_NUMBER_OBJECT_CONVERSION = YES_AGGRESSIVE;
				CLANG_CXX_LANGUAGE_STANDARD = "gnu++17";
				CLANG_CXX_LIBRARY = "libc++";
				CLANG_ENABLE_MODULES = YES;
				CLANG_ENABLE_OBJC_ARC = YES;
				CLANG_ENABLE_OBJC_WEAK = YES;
				CLANG_WARN_BLOCK_CAPTURE_AUTORELEASING = YES;
				CLANG_WARN_BOOL_CONVERSION = YES;
				CLANG_WARN_COMMA = YES;
				CLANG_WARN_CONSTANT_CONVERSION = YES;
				CLANG_WARN_DEPRECATED_OBJC_IMPLEMENTATIONS = YES;
				CLANG_WARN_DIRECT_OBJC_ISA_USAGE = YES_ERROR;
				CLANG_WARN_DOCUMENTATION_COMMENTS = YES;
				CLANG_WARN_EMPTY_BODY = YES;
				CLANG_WARN_ENUM_CONVERSION = YES;
				CLANG_WARN_INFINITE_RECURSION = YES;
				CLANG_WARN_INT_CONVERSION = YES;
				CLANG_WARN_NON_LITERAL_NULL_CONVERSION = YES;
				CLANG_WARN_OBJC_IMPLICIT_RETAIN_SELF = YES;
				CLANG_WARN_OBJC_LITERAL_CONVERSION = YES;
				CLANG_WARN_OBJC_ROOT_CLASS = YES_ERROR;
				CLANG_WARN_QUOTED_INCLUDE_IN_FRAMEWORK_HEADER = YES;
				CLANG_WARN_RANGE_LOOP_ANALYSIS = YES;
				CLANG_WARN_STRICT_PROTOTYPES = YES;
				CLANG_WARN_SUSPICIOUS_MOVE = YES;
				CLANG_WARN_UNGUARDED_AVAILABILITY = YES_AGGRESSIVE;
				CLANG_WARN_UNREACHABLE_CODE = YES;
				CLANG_WARN__DUPLICATE_METHOD_MATCH = YES;
				COPY_PHASE_STRIP = NO;
				DEBUG_INFORMATION_FORMAT = dwarf;
				ENABLE_STRICT_OBJC_MSGSEND = YES;
				ENABLE_TESTABILITY = YES;
				GCC_C_LANGUAGE_STANDARD = gnu11;
				GCC_DYNAMIC_NO_PIC = NO;
				GCC_NO_COMMON_BLOCKS = YES;
				GCC_OPTIMIZATION_LEVEL = 0;
				GCC_PREPROCESSOR_DEFINITIONS = (
					"DEBUG=1",
					"$(inherited)",
				);
				GCC_WARN_64_TO_32_BIT_CONVERSION = YES;
				GCC_WARN_ABOUT_RETURN_TYPE = YES_ERROR;
				GCC_WARN_UNDECLARED_SELECTOR = YES;
				GCC_WARN_UNINITIALIZED_AUTOS = YES_AGGRESSIVE;
				GCC_WARN_UNUSED_FUNCTION = YES;
				GCC_WARN_UNUSED_VARIABLE = YES;
				IPHONEOS_DEPLOYMENT_TARGET = 15.0;
				MTL_ENABLE_DEBUG_INFO = INCLUDE_SOURCE;
				MTL_FAST_MATH = YES;
				ONLY_ACTIVE_ARCH = YES;
				SDKROOT = iphoneos;
				SWIFT_ACTIVE_COMPILATION_CONDITIONS = DEBUG;
				SWIFT_OPTIMIZATION_LEVEL = "-Onone";
			};
			name = Debug;
		};
		D9A57EA8273C353F00EA1429 /* Release */ = {
			isa = XCBuildConfiguration;
			buildSettings = {
				ALWAYS_SEARCH_USER_PATHS = NO;
				CLANG_ANALYZER_NONNULL = YES;
				CLANG_ANALYZER_NUMBER_OBJECT_CONVERSION = YES_AGGRESSIVE;
				CLANG_CXX_LANGUAGE_STANDARD = "gnu++17";
				CLANG_CXX_LIBRARY = "libc++";
				CLANG_ENABLE_MODULES = YES;
				CLANG_ENABLE_OBJC_ARC = YES;
				CLANG_ENABLE_OBJC_WEAK = YES;
				CLANG_WARN_BLOCK_CAPTURE_AUTORELEASING = YES;
				CLANG_WARN_BOOL_CONVERSION = YES;
				CLANG_WARN_COMMA = YES;
				CLANG_WARN_CONSTANT_CONVERSION = YES;
				CLANG_WARN_DEPRECATED_OBJC_IMPLEMENTATIONS = YES;
				CLANG_WARN_DIRECT_OBJC_ISA_USAGE = YES_ERROR;
				CLANG_WARN_DOCUMENTATION_COMMENTS = YES;
				CLANG_WARN_EMPTY_BODY = YES;
				CLANG_WARN_ENUM_CONVERSION = YES;
				CLANG_WARN_INFINITE_RECURSION = YES;
				CLANG_WARN_INT_CONVERSION = YES;
				CLANG_WARN_NON_LITERAL_NULL_CONVERSION = YES;
				CLANG_WARN_OBJC_IMPLICIT_RETAIN_SELF = YES;
				CLANG_WARN_OBJC_LITERAL_CONVERSION = YES;
				CLANG_WARN_OBJC_ROOT_CLASS = YES_ERROR;
				CLANG_WARN_QUOTED_INCLUDE_IN_FRAMEWORK_HEADER = YES;
				CLANG_WARN_RANGE_LOOP_ANALYSIS = YES;
				CLANG_WARN_STRICT_PROTOTYPES = YES;
				CLANG_WARN_SUSPICIOUS_MOVE = YES;
				CLANG_WARN_UNGUARDED_AVAILABILITY = YES_AGGRESSIVE;
				CLANG_WARN_UNREACHABLE_CODE = YES;
				CLANG_WARN__DUPLICATE_METHOD_MATCH = YES;
				COPY_PHASE_STRIP = NO;
				DEBUG_INFORMATION_FORMAT = "dwarf-with-dsym";
				ENABLE_NS_ASSERTIONS = NO;
				ENABLE_STRICT_OBJC_MSGSEND = YES;
				GCC_C_LANGUAGE_STANDARD = gnu11;
				GCC_NO_COMMON_BLOCKS = YES;
				GCC_WARN_64_TO_32_BIT_CONVERSION = YES;
				GCC_WARN_ABOUT_RETURN_TYPE = YES_ERROR;
				GCC_WARN_UNDECLARED_SELECTOR = YES;
				GCC_WARN_UNINITIALIZED_AUTOS = YES_AGGRESSIVE;
				GCC_WARN_UNUSED_FUNCTION = YES;
				GCC_WARN_UNUSED_VARIABLE = YES;
				IPHONEOS_DEPLOYMENT_TARGET = 15.0;
				MTL_ENABLE_DEBUG_INFO = NO;
				MTL_FAST_MATH = YES;
				SDKROOT = iphoneos;
				SWIFT_COMPILATION_MODE = wholemodule;
				SWIFT_OPTIMIZATION_LEVEL = "-O";
				VALIDATE_PRODUCT = YES;
			};
			name = Release;
		};
		D9A57EAA273C353F00EA1429 /* Debug */ = {
			isa = XCBuildConfiguration;
			buildSettings = {
				ASSETCATALOG_COMPILER_APPICON_NAME = AppIcon;
				ASSETCATALOG_COMPILER_GLOBAL_ACCENT_COLOR_NAME = AccentColor;
				CODE_SIGN_STYLE = Automatic;
				CURRENT_PROJECT_VERSION = 1;
				GENERATE_INFOPLIST_FILE = YES;
				INFOPLIST_FILE = RecipeApp/Info.plist;
				INFOPLIST_KEY_UIApplicationSupportsIndirectInputEvents = YES;
				INFOPLIST_KEY_UILaunchStoryboardName = LaunchScreen;
				INFOPLIST_KEY_UIMainStoryboardFile = Main;
				INFOPLIST_KEY_UISupportedInterfaceOrientations_iPad = "UIInterfaceOrientationPortrait UIInterfaceOrientationPortraitUpsideDown UIInterfaceOrientationLandscapeLeft UIInterfaceOrientationLandscapeRight";
				INFOPLIST_KEY_UISupportedInterfaceOrientations_iPhone = "UIInterfaceOrientationPortrait UIInterfaceOrientationLandscapeLeft UIInterfaceOrientationLandscapeRight";
				LD_RUNPATH_SEARCH_PATHS = (
					"$(inherited)",
					"@executable_path/Frameworks",
				);
				MARKETING_VERSION = 1.0;
				PRODUCT_BUNDLE_IDENTIFIER = practice.RecipeApp;
				PRODUCT_NAME = "$(TARGET_NAME)";
				SWIFT_EMIT_LOC_STRINGS = YES;
				SWIFT_VERSION = 5.0;
				TARGETED_DEVICE_FAMILY = "1,2";
			};
			name = Debug;
		};
		D9A57EAB273C353F00EA1429 /* Release */ = {
			isa = XCBuildConfiguration;
			buildSettings = {
				ASSETCATALOG_COMPILER_APPICON_NAME = AppIcon;
				ASSETCATALOG_COMPILER_GLOBAL_ACCENT_COLOR_NAME = AccentColor;
				CODE_SIGN_STYLE = Automatic;
				CURRENT_PROJECT_VERSION = 1;
				GENERATE_INFOPLIST_FILE = YES;
				INFOPLIST_FILE = RecipeApp/Info.plist;
				INFOPLIST_KEY_UIApplicationSupportsIndirectInputEvents = YES;
				INFOPLIST_KEY_UILaunchStoryboardName = LaunchScreen;
				INFOPLIST_KEY_UIMainStoryboardFile = Main;
				INFOPLIST_KEY_UISupportedInterfaceOrientations_iPad = "UIInterfaceOrientationPortrait UIInterfaceOrientationPortraitUpsideDown UIInterfaceOrientationLandscapeLeft UIInterfaceOrientationLandscapeRight";
				INFOPLIST_KEY_UISupportedInterfaceOrientations_iPhone = "UIInterfaceOrientationPortrait UIInterfaceOrientationLandscapeLeft UIInterfaceOrientationLandscapeRight";
				LD_RUNPATH_SEARCH_PATHS = (
					"$(inherited)",
					"@executable_path/Frameworks",
				);
				MARKETING_VERSION = 1.0;
				PRODUCT_BUNDLE_IDENTIFIER = practice.RecipeApp;
				PRODUCT_NAME = "$(TARGET_NAME)";
				SWIFT_EMIT_LOC_STRINGS = YES;
				SWIFT_VERSION = 5.0;
				TARGETED_DEVICE_FAMILY = "1,2";
			};
			name = Release;
		};
		D9A57EAD273C353F00EA1429 /* Debug */ = {
			isa = XCBuildConfiguration;
			buildSettings = {
				ALWAYS_EMBED_SWIFT_STANDARD_LIBRARIES = YES;
				BUNDLE_LOADER = "$(TEST_HOST)";
				CODE_SIGN_STYLE = Automatic;
				CURRENT_PROJECT_VERSION = 1;
				GENERATE_INFOPLIST_FILE = YES;
				IPHONEOS_DEPLOYMENT_TARGET = 15.0;
				LD_RUNPATH_SEARCH_PATHS = (
					"$(inherited)",
					"@executable_path/Frameworks",
					"@loader_path/Frameworks",
				);
				MARKETING_VERSION = 1.0;
				PRODUCT_BUNDLE_IDENTIFIER = practice.RecipeAppTests;
				PRODUCT_NAME = "$(TARGET_NAME)";
				SWIFT_EMIT_LOC_STRINGS = NO;
				SWIFT_VERSION = 5.0;
				TARGETED_DEVICE_FAMILY = "1,2";
				TEST_HOST = "$(BUILT_PRODUCTS_DIR)/RecipeApp.app/RecipeApp";
			};
			name = Debug;
		};
		D9A57EAE273C353F00EA1429 /* Release */ = {
			isa = XCBuildConfiguration;
			buildSettings = {
				ALWAYS_EMBED_SWIFT_STANDARD_LIBRARIES = YES;
				BUNDLE_LOADER = "$(TEST_HOST)";
				CODE_SIGN_STYLE = Automatic;
				CURRENT_PROJECT_VERSION = 1;
				GENERATE_INFOPLIST_FILE = YES;
				IPHONEOS_DEPLOYMENT_TARGET = 15.0;
				LD_RUNPATH_SEARCH_PATHS = (
					"$(inherited)",
					"@executable_path/Frameworks",
					"@loader_path/Frameworks",
				);
				MARKETING_VERSION = 1.0;
				PRODUCT_BUNDLE_IDENTIFIER = practice.RecipeAppTests;
				PRODUCT_NAME = "$(TARGET_NAME)";
				SWIFT_EMIT_LOC_STRINGS = NO;
				SWIFT_VERSION = 5.0;
				TARGETED_DEVICE_FAMILY = "1,2";
				TEST_HOST = "$(BUILT_PRODUCTS_DIR)/RecipeApp.app/RecipeApp";
			};
			name = Release;
		};
		D9A57EB0273C353F00EA1429 /* Debug */ = {
			isa = XCBuildConfiguration;
			buildSettings = {
				ALWAYS_EMBED_SWIFT_STANDARD_LIBRARIES = YES;
				CODE_SIGN_STYLE = Automatic;
				CURRENT_PROJECT_VERSION = 1;
				GENERATE_INFOPLIST_FILE = YES;
				LD_RUNPATH_SEARCH_PATHS = (
					"$(inherited)",
					"@executable_path/Frameworks",
					"@loader_path/Frameworks",
				);
				MARKETING_VERSION = 1.0;
				PRODUCT_BUNDLE_IDENTIFIER = practice.RecipeAppUITests;
				PRODUCT_NAME = "$(TARGET_NAME)";
				SWIFT_EMIT_LOC_STRINGS = NO;
				SWIFT_VERSION = 5.0;
				TARGETED_DEVICE_FAMILY = "1,2";
				TEST_TARGET_NAME = RecipeApp;
			};
			name = Debug;
		};
		D9A57EB1273C353F00EA1429 /* Release */ = {
			isa = XCBuildConfiguration;
			buildSettings = {
				ALWAYS_EMBED_SWIFT_STANDARD_LIBRARIES = YES;
				CODE_SIGN_STYLE = Automatic;
				CURRENT_PROJECT_VERSION = 1;
				GENERATE_INFOPLIST_FILE = YES;
				LD_RUNPATH_SEARCH_PATHS = (
					"$(inherited)",
					"@executable_path/Frameworks",
					"@loader_path/Frameworks",
				);
				MARKETING_VERSION = 1.0;
				PRODUCT_BUNDLE_IDENTIFIER = practice.RecipeAppUITests;
				PRODUCT_NAME = "$(TARGET_NAME)";
				SWIFT_EMIT_LOC_STRINGS = NO;
				SWIFT_VERSION = 5.0;
				TARGETED_DEVICE_FAMILY = "1,2";
				TEST_TARGET_NAME = RecipeApp;
			};
			name = Release;
		};
/* End XCBuildConfiguration section */

/* Begin XCConfigurationList section */
		D9A57E7A273C353D00EA1429 /* Build configuration list for PBXProject "RecipeApp" */ = {
			isa = XCConfigurationList;
			buildConfigurations = (
				D9A57EA7273C353F00EA1429 /* Debug */,
				D9A57EA8273C353F00EA1429 /* Release */,
			);
			defaultConfigurationIsVisible = 0;
			defaultConfigurationName = Release;
		};
		D9A57EA9273C353F00EA1429 /* Build configuration list for PBXNativeTarget "RecipeApp" */ = {
			isa = XCConfigurationList;
			buildConfigurations = (
				D9A57EAA273C353F00EA1429 /* Debug */,
				D9A57EAB273C353F00EA1429 /* Release */,
			);
			defaultConfigurationIsVisible = 0;
			defaultConfigurationName = Release;
		};
		D9A57EAC273C353F00EA1429 /* Build configuration list for PBXNativeTarget "RecipeAppTests" */ = {
			isa = XCConfigurationList;
			buildConfigurations = (
				D9A57EAD273C353F00EA1429 /* Debug */,
				D9A57EAE273C353F00EA1429 /* Release */,
			);
			defaultConfigurationIsVisible = 0;
			defaultConfigurationName = Release;
		};
		D9A57EAF273C353F00EA1429 /* Build configuration list for PBXNativeTarget "RecipeAppUITests" */ = {
			isa = XCConfigurationList;
			buildConfigurations = (
				D9A57EB0273C353F00EA1429 /* Debug */,
				D9A57EB1273C353F00EA1429 /* Release */,
			);
			defaultConfigurationIsVisible = 0;
			defaultConfigurationName = Release;
		};
/* End XCConfigurationList section */
	};
	rootObject = D9A57E77273C353D00EA1429 /* Project object */;
}
